
Microsoft Visual Studio Solution File, Format Version 12.00
# Visual Studio 14
VisualStudioVersion = 14.0.25123.0
MinimumVisualStudioVersion = 10.0.40219.1
Project("{FAE04EC0-301F-11D3-BF4B-00C04F79EFBC}") = "RedisMonitor.Web", "RedisMonitor.Web\RedisMonitor.Web.csproj", "{2B3F7461-884C-4B27-B256-0C6EA403C914}"
EndProject
Project("{FAE04EC0-301F-11D3-BF4B-00C04F79EFBC}") = "RedisMonitor.Core", "RedisMonitor.Core\RedisMonitor.Core.csproj", "{649399C9-F233-4F27-9EC1-8D2B7BED08E8}"
EndProject
Global
	GlobalSection(SolutionConfigurationPlatforms) = preSolution
		Debug|Any CPU = Debug|Any CPU
		Release|Any CPU = Release|Any CPU
	EndGlobalSection
	GlobalSection(ProjectConfigurationPlatforms) = postSolution
		{2B3F7461-884C-4B27-B256-0C6EA403C914}.Debug|Any CPU.ActiveCfg = Debug|Any CPU
		{2B3F7461-884C-4B27-B256-0C6EA403C914}.Debug|Any CPU.Build.0 = Debug|Any CPU
		{2B3F7461-884C-4B27-B256-0C6EA403C914}.Release|Any CPU.ActiveCfg = Release|Any CPU
		{2B3F7461-884C-4B27-B256-0C6EA403C914}.Release|Any CPU.Build.0 = Release|Any CPU
		{649399C9-F233-4F27-9EC1-8D2B7BED08E8}.Debug|Any CPU.ActiveCfg = Debug|Any CPU
		{649399C9-F233-4F27-9EC1-8D2B7BED08E8}.Debug|Any CPU.Build.0 = Debug|Any CPU
		{649399C9-F233-4F27-9EC1-8D2B7BED08E8}.Release|Any CPU.ActiveCfg = Release|Any CPU
		{649399C9-F233-4F27-9EC1-8D2B7BED08E8}.Release|Any CPU.Build.0 = Release|Any CPU
	EndGlobalSection
	GlobalSection(SolutionProperties) = preSolution
		HideSolutionNode = FALSE
	EndGlobalSection
EndGlobal
